<Solution>
  <Project Path="Sia.RenderGraph/Sia.RenderGraph.csproj" />
  <Project Path="Sia.Graphics/Sia.Graphics.csproj" />
  <Project Path="Sia.WebGPU/Sia.WebGPU.csproj" />
  <Project Path="Sia.WebGPU.Generators/Sia.WebGPU.Generators.csproj" />
  <Project Path="Sia.WebGPU.Native/Sia.WebGPU.Native.csproj" />
  <Project Path="Sia.WebGPU.Example/Sia.WebGPU.Example.csproj" />
  <Project Path="Sia.Graphics.Example/Sia.Graphics.Example.csproj" />
  <Project Path="Sia.WebGPU.Tests/Sia.WebGPU.Tests.csproj" />
</Solution>
